{
  "name": "jarvix_qa",
  "lockfileVersion": 3,
  "requires": true,
  "packages": {
    "": {
      "dependencies": {
        "ofetch": "^1.1.1"
      }
    },
    "node_modules/destr": {
      "version": "2.0.1",
      "resolved": "https://registry.npmjs.org/destr/-/destr-2.0.1.tgz",
      "integrity": "sha512-M1Ob1zPSIvlARiJUkKqvAZ3VAqQY6Jcuth/pBKQ2b1dX/Qx0OnJ8Vux6J2H5PTMQeRzWrrbTu70VxBfv/OPDJA=="
    },
    "node_modules/node-fetch-native": {
      "version": "1.2.0",
      "resolved": "https://registry.npmjs.org/node-fetch-native/-/node-fetch-native-1.2.0.tgz",
      "integrity": "sha512-5IAMBTl9p6PaAjYCnMv5FmqIF6GcZnawAVnzaCG0rX2aYZJ4CxEkZNtVPuTRug7fL7wyM5BQYTlAzcyMPi6oTQ=="
    },
    "node_modules/ofetch": {
      "version": "1.1.1",
      "resolved": "https://registry.npmjs.org/ofetch/-/ofetch-1.1.1.tgz",
      "integrity": "sha512-SSMoktrp9SNLi20BWfB/BnnKcL0RDigXThD/mZBeQxkIRv1xrd9183MtLdsqRYLYSqW0eTr5t8w8MqjNhvoOQQ==",
      "dependencies": {
        "destr": "^2.0.0",
        "node-fetch-native": "^1.2.0",
        "ufo": "^1.1.2"
      }
    },
    "node_modules/ufo": {
      "version": "1.2.0",
      "resolved": "https://registry.npmjs.org/ufo/-/ufo-1.2.0.tgz",
      "integrity": "sha512-RsPyTbqORDNDxqAdQPQBpgqhWle1VcTSou/FraClYlHf6TZnQcGslpLcAphNR+sQW4q5lLWLbOsRlh9j24baQg=="
    }
  }
}
